{
  "name": "cli-slides",
  "version": "1.1.0",
  "lockfileVersion": 2,
  "requires": true,
  "packages": {
    "": {
      "version": "1.1.0",
      "license": "ISC",
      "bin": {
        "cli-slides": "bin/presenter.js"
      },
      "engines": {
        "node": ">=12",
        "npm": ">=6"
      }
    }
  }
}
